// !$*UTF8*$!
{
	archiveVersion = 1;
	classes = {
	};
	objectVersion = 55;
	objects = {

/* Begin PBXBuildFile section */
		B3111B172846384D007195D3 /* AddToiosApp.swift in Sources */ = {isa = PBXBuildFile; fileRef = B3111B162846384D007195D3 /* AddToiosApp.swift */; };
		B3111B192846384D007195D3 /* ContentView.swift in Sources */ = {isa = PBXBuildFile; fileRef = B3111B182846384D007195D3 /* ContentView.swift */; };
		B3111B1B2846384E007195D3 /* Assets.xcassets in Resources */ = {isa = PBXBuildFile; fileRef = B3111B1A2846384E007195D3 /* Assets.xcassets */; };
		B3111B1E2846384E007195D3 /* Preview Assets.xcassets in Resources */ = {isa = PBXBuildFile; fileRef = B3111B1D2846384E007195D3 /* Preview Assets.xcassets */; };
		B3111B282846384E007195D3 /* AddToiosTests.swift in Sources */ = {isa = PBXBuildFile; fileRef = B3111B272846384E007195D3 /* AddToiosTests.swift */; };
		B3111B322846384E007195D3 /* AddToiosUITests.swift in Sources */ = {isa = PBXBuildFile; fileRef = B3111B312846384E007195D3 /* AddToiosUITests.swift */; };
		B3111B342846384E007195D3 /* AddToiosUITestsLaunchTests.swift in Sources */ = {isa = PBXBuildFile; fileRef = B3111B332846384E007195D3 /* AddToiosUITestsLaunchTests.swift */; };
/* End PBXBuildFile section */

/* Begin PBXContainerItemProxy section */
		B3111B242846384E007195D3 /* PBXContainerItemProxy */ = {
			isa = PBXContainerItemProxy;
			containerPortal = B3111B0B2846384D007195D3 /* Project object */;
			proxyType = 1;
			remoteGlobalIDString = B3111B122846384D007195D3;
			remoteInfo = AddToios;
		};
		B3111B2E2846384E007195D3 /* PBXContainerItemProxy */ = {
			isa = PBXContainerItemProxy;
			containerPortal = B3111B0B2846384D007195D3 /* Project object */;
			proxyType = 1;
			remoteGlobalIDString = B3111B122846384D007195D3;
			remoteInfo = AddToios;
		};
/* End PBXContainerItemProxy section */

/* Begin PBXFileReference section */
		B3111B132846384D007195D3 /* AddToios.app */ = {isa = PBXFileReference; explicitFileType = wrapper.application; includeInIndex = 0; path = AddToios.app; sourceTree = BUILT_PRODUCTS_DIR; };
		B3111B162846384D007195D3 /* AddToiosApp.swift */ = {isa = PBXFileReference; lastKnownFileType = sourcecode.swift; path = AddToiosApp.swift; sourceTree = "<group>"; };
		B3111B182846384D007195D3 /* ContentView.swift */ = {isa = PBXFileReference; lastKnownFileType = sourcecode.swift; path = ContentView.swift; sourceTree = "<group>"; };
		B3111B1A2846384E007195D3 /* Assets.xcassets */ = {isa = PBXFileReference; lastKnownFileType = folder.assetcatalog; path = Assets.xcassets; sourceTree = "<group>"; };
		B3111B1D2846384E007195D3 /* Preview Assets.xcassets */ = {isa = PBXFileReference; lastKnownFileType = folder.assetcatalog; path = "Preview Assets.xcassets"; sourceTree = "<group>"; };
		B3111B232846384E007195D3 /* AddToiosTests.xctest */ = {isa = PBXFileReference; explicitFileType = wrapper.cfbundle; includeInIndex = 0; path = AddToiosTests.xctest; sourceTree = BUILT_PRODUCTS_DIR; };
		B3111B272846384E007195D3 /* AddToiosTests.swift */ = {isa = PBXFileReference; lastKnownFileType = sourcecode.swift; path = AddToiosTests.swift; sourceTree = "<group>"; };
		B3111B2D2846384E007195D3 /* AddToiosUITests.xctest */ = {isa = PBXFileReference; explicitFileType = wrapper.cfbundle; includeInIndex = 0; path = AddToiosUITests.xctest; sourceTree = BUILT_PRODUCTS_DIR; };
		B3111B312846384E007195D3 /* AddToiosUITests.swift */ = {isa = PBXFileReference; lastKnownFileType = sourcecode.swift; path = AddToiosUITests.swift; sourceTree = "<group>"; };
		B3111B332846384E007195D3 /* AddToiosUITestsLaunchTests.swift */ = {isa = PBXFileReference; lastKnownFileType = sourcecode.swift; path = AddToiosUITestsLaunchTests.swift; sourceTree = "<group>"; };
/* End PBXFileReference section */

/* Begin PBXFrameworksBuildPhase section */
		B3111B102846384D007195D3 /* Frameworks */ = {
			isa = PBXFrameworksBuildPhase;
			buildActionMask = 2147483647;
			files = (
			);
			runOnlyForDeploymentPostprocessing = 0;
		};
		B3111B202846384E007195D3 /* Frameworks */ = {
			isa = PBXFrameworksBuildPhase;
			buildActionMask = 2147483647;
			files = (
			);
			runOnlyForDeploymentPostprocessing = 0;
		};
		B3111B2A2846384E007195D3 /* Frameworks */ = {
			isa = PBXFrameworksBuildPhase;
			buildActionMask = 2147483647;
			files = (
			);
			runOnlyForDeploymentPostprocessing = 0;
		};
/* End PBXFrameworksBuildPhase section */

/* Begin PBXGroup section */
		B3111B0A2846384D007195D3 = {
			isa = PBXGroup;
			children = (
				B3111B152846384D007195D3 /* AddToios */,
				B3111B262846384E007195D3 /* AddToiosTests */,
				B3111B302846384E007195D3 /* AddToiosUITests */,
				B3111B142846384D007195D3 /* Products */,
			);
			sourceTree = "<group>";
		};
		B3111B142846384D007195D3 /* Products */ = {
			isa = PBXGroup;
			children = (
				B3111B132846384D007195D3 /* AddToios.app */,
				B3111B232846384E007195D3 /* AddToiosTests.xctest */,
				B3111B2D2846384E007195D3 /* AddToiosUITests.xctest */,
			);
			name = Products;
			sourceTree = "<group>";
		};
		B3111B152846384D007195D3 /* AddToios */ = {
			isa = PBXGroup;
			children = (
				B3111B162846384D007195D3 /* AddToiosApp.swift */,
				B3111B182846384D007195D3 /* ContentView.swift */,
				B3111B1A2846384E007195D3 /* Assets.xcassets */,
				B3111B1C2846384E007195D3 /* Preview Content */,
			);
			path = AddToios;
			sourceTree = "<group>";
		};
		B3111B1C2846384E007195D3 /* Preview Content */ = {
			isa = PBXGroup;
			children = (
				B3111B1D2846384E007195D3 /* Preview Assets.xcassets */,
			);
			path = "Preview Content";
			sourceTree = "<group>";
		};
		B3111B262846384E007195D3 /* AddToiosTests */ = {
			isa = PBXGroup;
			children = (
				B3111B272846384E007195D3 /* AddToiosTests.swift */,
			);
			path = AddToiosTests;
			sourceTree = "<group>";
		};
		B3111B302846384E007195D3 /* AddToiosUITests */ = {
			isa = PBXGroup;
			children = (
				B3111B312846384E007195D3 /* AddToiosUITests.swift */,
				B3111B332846384E007195D3 /* AddToiosUITestsLaunchTests.swift */,
			);
			path = AddToiosUITests;
			sourceTree = "<group>";
		};
/* End PBXGroup section */

/* Begin PBXNativeTarget section */
		B3111B122846384D007195D3 /* AddToios */ = {
			isa = PBXNativeTarget;
			buildConfigurationList = B3111B372846384E007195D3 /* Build configuration list for PBXNativeTarget "AddToios" */;
			buildPhases = (
				B3111B0F2846384D007195D3 /* Sources */,
				B3111B102846384D007195D3 /* Frameworks */,
				B3111B112846384D007195D3 /* Resources */,
			);
			buildRules = (
			);
			dependencies = (
			);
			name = AddToios;
			productName = AddToios;
			productReference = B3111B132846384D007195D3 /* AddToios.app */;
			productType = "com.apple.product-type.application";
		};
		B3111B222846384E007195D3 /* AddToiosTests */ = {
			isa = PBXNativeTarget;
			buildConfigurationList = B3111B3A2846384E007195D3 /* Build configuration list for PBXNativeTarget "AddToiosTests" */;
			buildPhases = (
				B3111B1F2846384E007195D3 /* Sources */,
				B3111B202846384E007195D3 /* Frameworks */,
				B3111B212846384E007195D3 /* Resources */,
			);
			buildRules = (
			);
			dependencies = (
				B3111B252846384E007195D3 /* PBXTargetDependency */,
			);
			name = AddToiosTests;
			productName = AddToiosTests;
			productReference = B3111B232846384E007195D3 /* AddToiosTests.xctest */;
			productType = "com.apple.product-type.bundle.unit-test";
		};
		B3111B2C2846384E007195D3 /* AddToiosUITests */ = {
			isa = PBXNativeTarget;
			buildConfigurationList = B3111B3D2846384E007195D3 /* Build configuration list for PBXNativeTarget "AddToiosUITests" */;
			buildPhases = (
				B3111B292846384E007195D3 /* Sources */,
				B3111B2A2846384E007195D3 /* Frameworks */,
				B3111B2B2846384E007195D3 /* Resources */,
			);
			buildRules = (
			);
			dependencies = (
				B3111B2F2846384E007195D3 /* PBXTargetDependency */,
			);
			name = AddToiosUITests;
			productName = AddToiosUITests;
			productReference = B3111B2D2846384E007195D3 /* AddToiosUITests.xctest */;
			productType = "com.apple.product-type.bundle.ui-testing";
		};
/* End PBXNativeTarget section */

/* Begin PBXProject section */
		B3111B0B2846384D007195D3 /* Project object */ = {
			isa = PBXProject;
			attributes = {
				BuildIndependentTargetsInParallel = 1;
				LastSwiftUpdateCheck = 1320;
				LastUpgradeCheck = 1320;
				TargetAttributes = {
					B3111B122846384D007195D3 = {
						CreatedOnToolsVersion = 13.2.1;
					};
					B3111B222846384E007195D3 = {
						CreatedOnToolsVersion = 13.2.1;
						TestTargetID = B3111B122846384D007195D3;
					};
					B3111B2C2846384E007195D3 = {
						CreatedOnToolsVersion = 13.2.1;
						TestTargetID = B3111B122846384D007195D3;
					};
				};
			};
			buildConfigurationList = B3111B0E2846384D007195D3 /* Build configuration list for PBXProject "AddToios" */;
			compatibilityVersion = "Xcode 13.0";
			developmentRegion = en;
			hasScannedForEncodings = 0;
			knownRegions = (
				en,
				Base,
			);
			mainGroup = B3111B0A2846384D007195D3;
			productRefGroup = B3111B142846384D007195D3 /* Products */;
			projectDirPath = "";
			projectRoot = "";
			targets = (
				B3111B122846384D007195D3 /* AddToios */,
				B3111B222846384E007195D3 /* AddToiosTests */,
				B3111B2C2846384E007195D3 /* AddToiosUITests */,
			);
		};
/* End PBXProject section */

/* Begin PBXResourcesBuildPhase section */
		B3111B112846384D007195D3 /* Resources */ = {
			isa = PBXResourcesBuildPhase;
			buildActionMask = 2147483647;
			files = (
				B3111B1E2846384E007195D3 /* Preview Assets.xcassets in Resources */,
				B3111B1B2846384E007195D3 /* Assets.xcassets in Resources */,
			);
			runOnlyForDeploymentPostprocessing = 0;
		};
		B3111B212846384E007195D3 /* Resources */ = {
			isa = PBXResourcesBuildPhase;
			buildActionMask = 2147483647;
			files = (
			);
			runOnlyForDeploymentPostprocessing = 0;
		};
		B3111B2B2846384E007195D3 /* Resources */ = {
			isa = PBXResourcesBuildPhase;
			buildActionMask = 2147483647;
			files = (
			);
			runOnlyForDeploymentPostprocessing = 0;
		};
/* End PBXResourcesBuildPhase section */

/* Begin PBXSourcesBuildPhase section */
		B3111B0F2846384D007195D3 /* Sources */ = {
			isa = PBXSourcesBuildPhase;
			buildActionMask = 2147483647;
			files = (
				B3111B192846384D007195D3 /* ContentView.swift in Sources */,
				B3111B172846384D007195D3 /* AddToiosApp.swift in Sources */,
			);
			runOnlyForDeploymentPostprocessing = 0;
		};
		B3111B1F2846384E007195D3 /* Sources */ = {
			isa = PBXSourcesBuildPhase;
			buildActionMask = 2147483647;
			files = (
				B3111B282846384E007195D3 /* AddToiosTests.swift in Sources */,
			);
			runOnlyForDeploymentPostprocessing = 0;
		};
		B3111B292846384E007195D3 /* Sources */ = {
			isa = PBXSourcesBuildPhase;
			buildActionMask = 2147483647;
			files = (
				B3111B342846384E007195D3 /* AddToiosUITestsLaunchTests.swift in Sources */,
				B3111B322846384E007195D3 /* AddToiosUITests.swift in Sources */,
			);
			runOnlyForDeploymentPostprocessing = 0;
		};
/* End PBXSourcesBuildPhase section */

/* Begin PBXTargetDependency section */
		B3111B252846384E007195D3 /* PBXTargetDependency */ = {
			isa = PBXTargetDependency;
			target = B3111B122846384D007195D3 /* AddToios */;
			targetProxy = B3111B242846384E007195D3 /* PBXContainerItemProxy */;
		};
		B3111B2F2846384E007195D3 /* PBXTargetDependency */ = {
			isa = PBXTargetDependency;
			target = B3111B122846384D007195D3 /* AddToios */;
			targetProxy = B3111B2E2846384E007195D3 /* PBXContainerItemProxy */;
		};
/* End PBXTargetDependency section */

/* Begin XCBuildConfiguration section */
		B3111B352846384E007195D3 /* Debug */ = {
			isa = XCBuildConfiguration;
			buildSettings = {
				ALWAYS_SEARCH_USER_PATHS = NO;
				CLANG_ANALYZER_NONNULL = YES;
				CLANG_ANALYZER_NUMBER_OBJECT_CONVERSION = YES_AGGRESSIVE;
				CLANG_CXX_LANGUAGE_STANDARD = "gnu++17";
				CLANG_CXX_LIBRARY = "libc++";
				CLANG_ENABLE_MODULES = YES;
				CLANG_ENABLE_OBJC_ARC = YES;
				CLANG_ENABLE_OBJC_WEAK = YES;
				CLANG_WARN_BLOCK_CAPTURE_AUTORELEASING = YES;
				CLANG_WARN_BOOL_CONVERSION = YES;
				CLANG_WARN_COMMA = YES;
				CLANG_WARN_CONSTANT_CONVERSION = YES;
				CLANG_WARN_DEPRECATED_OBJC_IMPLEMENTATIONS = YES;
				CLANG_WARN_DIRECT_OBJC_ISA_USAGE = YES_ERROR;
				CLANG_WARN_DOCUMENTATION_COMMENTS = YES;
				CLANG_WARN_EMPTY_BODY = YES;
				CLANG_WARN_ENUM_CONVERSION = YES;
				CLANG_WARN_INFINITE_RECURSION = YES;
				CLANG_WARN_INT_CONVERSION = YES;
				CLANG_WARN_NON_LITERAL_NULL_CONVERSION = YES;
				CLANG_WARN_OBJC_IMPLICIT_RETAIN_SELF = YES;
				CLANG_WARN_OBJC_LITERAL_CONVERSION = YES;
				CLANG_WARN_OBJC_ROOT_CLASS = YES_ERROR;
				CLANG_WARN_QUOTED_INCLUDE_IN_FRAMEWORK_HEADER = YES;
				CLANG_WARN_RANGE_LOOP_ANALYSIS = YES;
				CLANG_WARN_STRICT_PROTOTYPES = YES;
				CLANG_WARN_SUSPICIOUS_MOVE = YES;
				CLANG_WARN_UNGUARDED_AVAILABILITY = YES_AGGRESSIVE;
				CLANG_WARN_UNREACHABLE_CODE = YES;
				CLANG_WARN__DUPLICATE_METHOD_MATCH = YES;
				COPY_PHASE_STRIP = NO;
				DEBUG_INFORMATION_FORMAT = dwarf;
				ENABLE_STRICT_OBJC_MSGSEND = YES;
				ENABLE_TESTABILITY = YES;
				GCC_C_LANGUAGE_STANDARD = gnu11;
				GCC_DYNAMIC_NO_PIC = NO;
				GCC_NO_COMMON_BLOCKS = YES;
				GCC_OPTIMIZATION_LEVEL = 0;
				GCC_PREPROCESSOR_DEFINITIONS = (
					"DEBUG=1",
					"$(inherited)",
				);
				GCC_WARN_64_TO_32_BIT_CONVERSION = YES;
				GCC_WARN_ABOUT_RETURN_TYPE = YES_ERROR;
				GCC_WARN_UNDECLARED_SELECTOR = YES;
				GCC_WARN_UNINITIALIZED_AUTOS = YES_AGGRESSIVE;
				GCC_WARN_UNUSED_FUNCTION = YES;
				GCC_WARN_UNUSED_VARIABLE = YES;
				IPHONEOS_DEPLOYMENT_TARGET = 15.2;
				MTL_ENABLE_DEBUG_INFO = INCLUDE_SOURCE;
				MTL_FAST_MATH = YES;
				ONLY_ACTIVE_ARCH = YES;
				SDKROOT = iphoneos;
				SWIFT_ACTIVE_COMPILATION_CONDITIONS = DEBUG;
				SWIFT_OPTIMIZATION_LEVEL = "-Onone";
			};
			name = Debug;
		};
		B3111B362846384E007195D3 /* Release */ = {
			isa = XCBuildConfiguration;
			buildSettings = {
				ALWAYS_SEARCH_USER_PATHS = NO;
				CLANG_ANALYZER_NONNULL = YES;
				CLANG_ANALYZER_NUMBER_OBJECT_CONVERSION = YES_AGGRESSIVE;
				CLANG_CXX_LANGUAGE_STANDARD = "gnu++17";
				CLANG_CXX_LIBRARY = "libc++";
				CLANG_ENABLE_MODULES = YES;
				CLANG_ENABLE_OBJC_ARC = YES;
				CLANG_ENABLE_OBJC_WEAK = YES;
				CLANG_WARN_BLOCK_CAPTURE_AUTORELEASING = YES;
				CLANG_WARN_BOOL_CONVERSION = YES;
				CLANG_WARN_COMMA = YES;
				CLANG_WARN_CONSTANT_CONVERSION = YES;
				CLANG_WARN_DEPRECATED_OBJC_IMPLEMENTATIONS = YES;
				CLANG_WARN_DIRECT_OBJC_ISA_USAGE = YES_ERROR;
				CLANG_WARN_DOCUMENTATION_COMMENTS = YES;
				CLANG_WARN_EMPTY_BODY = YES;
				CLANG_WARN_ENUM_CONVERSION = YES;
				CLANG_WARN_INFINITE_RECURSION = YES;
				CLANG_WARN_INT_CONVERSION = YES;
				CLANG_WARN_NON_LITERAL_NULL_CONVERSION = YES;
				CLANG_WARN_OBJC_IMPLICIT_RETAIN_SELF = YES;
				CLANG_WARN_OBJC_LITERAL_CONVERSION = YES;
				CLANG_WARN_OBJC_ROOT_CLASS = YES_ERROR;
				CLANG_WARN_QUOTED_INCLUDE_IN_FRAMEWORK_HEADER = YES;
				CLANG_WARN_RANGE_LOOP_ANALYSIS = YES;
				CLANG_WARN_STRICT_PROTOTYPES = YES;
				CLANG_WARN_SUSPICIOUS_MOVE = YES;
				CLANG_WARN_UNGUARDED_AVAILABILITY = YES_AGGRESSIVE;
				CLANG_WARN_UNREACHABLE_CODE = YES;
				CLANG_WARN__DUPLICATE_METHOD_MATCH = YES;
				COPY_PHASE_STRIP = NO;
				DEBUG_INFORMATION_FORMAT = "dwarf-with-dsym";
				ENABLE_NS_ASSERTIONS = NO;
				ENABLE_STRICT_OBJC_MSGSEND = YES;
				GCC_C_LANGUAGE_STANDARD = gnu11;
				GCC_NO_COMMON_BLOCKS = YES;
				GCC_WARN_64_TO_32_BIT_CONVERSION = YES;
				GCC_WARN_ABOUT_RETURN_TYPE = YES_ERROR;
				GCC_WARN_UNDECLARED_SELECTOR = YES;
				GCC_WARN_UNINITIALIZED_AUTOS = YES_AGGRESSIVE;
				GCC_WARN_UNUSED_FUNCTION = YES;
				GCC_WARN_UNUSED_VARIABLE = YES;
				IPHONEOS_DEPLOYMENT_TARGET = 15.2;
				MTL_ENABLE_DEBUG_INFO = NO;
				MTL_FAST_MATH = YES;
				SDKROOT = iphoneos;
				SWIFT_COMPILATION_MODE = wholemodule;
				SWIFT_OPTIMIZATION_LEVEL = "-O";
				VALIDATE_PRODUCT = YES;
			};
			name = Release;
		};
		B3111B382846384E007195D3 /* Debug */ = {
			isa = XCBuildConfiguration;
			buildSettings = {
				ASSETCATALOG_COMPILER_APPICON_NAME = AppIcon;
				ASSETCATALOG_COMPILER_GLOBAL_ACCENT_COLOR_NAME = AccentColor;
				CODE_SIGN_STYLE = Automatic;
				CURRENT_PROJECT_VERSION = 1;
				DEVELOPMENT_ASSET_PATHS = "\"AddToios/Preview Content\"";
				ENABLE_PREVIEWS = YES;
				GENERATE_INFOPLIST_FILE = YES;
				INFOPLIST_KEY_UIApplicationSceneManifest_Generation = YES;
				INFOPLIST_KEY_UIApplicationSupportsIndirectInputEvents = YES;
				INFOPLIST_KEY_UILaunchScreen_Generation = YES;
				INFOPLIST_KEY_UISupportedInterfaceOrientations_iPad = "UIInterfaceOrientationPortrait UIInterfaceOrientationPortraitUpsideDown UIInterfaceOrientationLandscapeLeft UIInterfaceOrientationLandscapeRight";
				INFOPLIST_KEY_UISupportedInterfaceOrientations_iPhone = "UIInterfaceOrientationPortrait UIInterfaceOrientationLandscapeLeft UIInterfaceOrientationLandscapeRight";
				LD_RUNPATH_SEARCH_PATHS = (
					"$(inherited)",
					"@executable_path/Frameworks",
				);
				MARKETING_VERSION = 1.0;
				PRODUCT_BUNDLE_IDENTIFIER = comsandy.AddToios;
				PRODUCT_NAME = "$(TARGET_NAME)";
				SWIFT_EMIT_LOC_STRINGS = YES;
				SWIFT_VERSION = 5.0;
				TARGETED_DEVICE_FAMILY = "1,2";
			};
			name = Debug;
		};
		B3111B392846384E007195D3 /* Release */ = {
			isa = XCBuildConfiguration;
			buildSettings = {
				ASSETCATALOG_COMPILER_APPICON_NAME = AppIcon;
				ASSETCATALOG_COMPILER_GLOBAL_ACCENT_COLOR_NAME = AccentColor;
				CODE_SIGN_STYLE = Automatic;
				CURRENT_PROJECT_VERSION = 1;
				DEVELOPMENT_ASSET_PATHS = "\"AddToios/Preview Content\"";
				ENABLE_PREVIEWS = YES;
				GENERATE_INFOPLIST_FILE = YES;
				INFOPLIST_KEY_UIApplicationSceneManifest_Generation = YES;
				INFOPLIST_KEY_UIApplicationSupportsIndirectInputEvents = YES;
				INFOPLIST_KEY_UILaunchScreen_Generation = YES;
				INFOPLIST_KEY_UISupportedInterfaceOrientations_iPad = "UIInterfaceOrientationPortrait UIInterfaceOrientationPortraitUpsideDown UIInterfaceOrientationLandscapeLeft UIInterfaceOrientationLandscapeRight";
				INFOPLIST_KEY_UISupportedInterfaceOrientations_iPhone = "UIInterfaceOrientationPortrait UIInterfaceOrientationLandscapeLeft UIInterfaceOrientationLandscapeRight";
				LD_RUNPATH_SEARCH_PATHS = (
					"$(inherited)",
					"@executable_path/Frameworks",
				);
				MARKETING_VERSION = 1.0;
				PRODUCT_BUNDLE_IDENTIFIER = comsandy.AddToios;
				PRODUCT_NAME = "$(TARGET_NAME)";
				SWIFT_EMIT_LOC_STRINGS = YES;
				SWIFT_VERSION = 5.0;
				TARGETED_DEVICE_FAMILY = "1,2";
			};
			name = Release;
		};
		B3111B3B2846384E007195D3 /* Debug */ = {
			isa = XCBuildConfiguration;
			buildSettings = {
				ALWAYS_EMBED_SWIFT_STANDARD_LIBRARIES = YES;
				BUNDLE_LOADER = "$(TEST_HOST)";
				CODE_SIGN_STYLE = Automatic;
				CURRENT_PROJECT_VERSION = 1;
				GENERATE_INFOPLIST_FILE = YES;
				IPHONEOS_DEPLOYMENT_TARGET = 15.2;
				MARKETING_VERSION = 1.0;
				PRODUCT_BUNDLE_IDENTIFIER = comsandy.AddToiosTests;
				PRODUCT_NAME = "$(TARGET_NAME)";
				SWIFT_EMIT_LOC_STRINGS = NO;
				SWIFT_VERSION = 5.0;
				TARGETED_DEVICE_FAMILY = "1,2";
				TEST_HOST = "$(BUILT_PRODUCTS_DIR)/AddToios.app/AddToios";
			};
			name = Debug;
		};
		B3111B3C2846384E007195D3 /* Release */ = {
			isa = XCBuildConfiguration;
			buildSettings = {
				ALWAYS_EMBED_SWIFT_STANDARD_LIBRARIES = YES;
				BUNDLE_LOADER = "$(TEST_HOST)";
				CODE_SIGN_STYLE = Automatic;
				CURRENT_PROJECT_VERSION = 1;
				GENERATE_INFOPLIST_FILE = YES;
				IPHONEOS_DEPLOYMENT_TARGET = 15.2;
				MARKETING_VERSION = 1.0;
				PRODUCT_BUNDLE_IDENTIFIER = comsandy.AddToiosTests;
				PRODUCT_NAME = "$(TARGET_NAME)";
				SWIFT_EMIT_LOC_STRINGS = NO;
				SWIFT_VERSION = 5.0;
				TARGETED_DEVICE_FAMILY = "1,2";
				TEST_HOST = "$(BUILT_PRODUCTS_DIR)/AddToios.app/AddToios";
			};
			name = Release;
		};
		B3111B3E2846384E007195D3 /* Debug */ = {
			isa = XCBuildConfiguration;
			buildSettings = {
				ALWAYS_EMBED_SWIFT_STANDARD_LIBRARIES = YES;
				CODE_SIGN_STYLE = Automatic;
				CURRENT_PROJECT_VERSION = 1;
				GENERATE_INFOPLIST_FILE = YES;
				MARKETING_VERSION = 1.0;
				PRODUCT_BUNDLE_IDENTIFIER = comsandy.AddToiosUITests;
				PRODUCT_NAME = "$(TARGET_NAME)";
				SWIFT_EMIT_LOC_STRINGS = NO;
				SWIFT_VERSION = 5.0;
				TARGETED_DEVICE_FAMILY = "1,2";
				TEST_TARGET_NAME = AddToios;
			};
			name = Debug;
		};
		B3111B3F2846384E007195D3 /* Release */ = {
			isa = XCBuildConfiguration;
			buildSettings = {
				ALWAYS_EMBED_SWIFT_STANDARD_LIBRARIES = YES;
				CODE_SIGN_STYLE = Automatic;
				CURRENT_PROJECT_VERSION = 1;
				GENERATE_INFOPLIST_FILE = YES;
				MARKETING_VERSION = 1.0;
				PRODUCT_BUNDLE_IDENTIFIER = comsandy.AddToiosUITests;
				PRODUCT_NAME = "$(TARGET_NAME)";
				SWIFT_EMIT_LOC_STRINGS = NO;
				SWIFT_VERSION = 5.0;
				TARGETED_DEVICE_FAMILY = "1,2";
				TEST_TARGET_NAME = AddToios;
			};
			name = Release;
		};
/* End XCBuildConfiguration section */

/* Begin XCConfigurationList section */
		B3111B0E2846384D007195D3 /* Build configuration list for PBXProject "AddToios" */ = {
			isa = XCConfigurationList;
			buildConfigurations = (
				B3111B352846384E007195D3 /* Debug */,
				B3111B362846384E007195D3 /* Release */,
			);
			defaultConfigurationIsVisible = 0;
			defaultConfigurationName = Release;
		};
		B3111B372846384E007195D3 /* Build configuration list for PBXNativeTarget "AddToios" */ = {
			isa = XCConfigurationList;
			buildConfigurations = (
				B3111B382846384E007195D3 /* Debug */,
				B3111B392846384E007195D3 /* Release */,
			);
			defaultConfigurationIsVisible = 0;
			defaultConfigurationName = Release;
		};
		B3111B3A2846384E007195D3 /* Build configuration list for PBXNativeTarget "AddToiosTests" */ = {
			isa = XCConfigurationList;
			buildConfigurations = (
				B3111B3B2846384E007195D3 /* Debug */,
				B3111B3C2846384E007195D3 /* Release */,
			);
			defaultConfigurationIsVisible = 0;
			defaultConfigurationName = Release;
		};
		B3111B3D2846384E007195D3 /* Build configuration list for PBXNativeTarget "AddToiosUITests" */ = {
			isa = XCConfigurationList;
			buildConfigurations = (
				B3111B3E2846384E007195D3 /* Debug */,
				B3111B3F2846384E007195D3 /* Release */,
			);
			defaultConfigurationIsVisible = 0;
			defaultConfigurationName = Release;
		};
/* End XCConfigurationList section */
	};
	rootObject = B3111B0B2846384D007195D3 /* Project object */;
}
